PODS:
  - ABMultiton (2.0.7):
    - ABMultiton/Core (= 2.0.7)
  - ABMultiton/Core (2.0.7)
  - AFNetworking (2.5.4):
    - AFNetworking/NSURLConnection (= 2.5.4)
    - AFNetworking/NSURLSession (= 2.5.4)
    - AFNetworking/Reachability (= 2.5.4)
    - AFNetworking/Security (= 2.5.4)
    - AFNetworking/Serialization (= 2.5.4)
    - AFNetworking/UIKit (= 2.5.4)
  - AFNetworking/NSURLConnection (2.5.4):
    - AFNetworking/Reachability
    - AFNetworking/Security
    - AFNetworking/Serialization
  - AFNetworking/NSURLSession (2.5.4):
    - AFNetworking/Reachability
    - AFNetworking/Security
    - AFNetworking/Serialization
  - AFNetworking/Reachability (2.5.4)
  - AFNetworking/Security (2.5.4)
  - AFNetworking/Serialization (2.5.4)
  - EasyMapping (0.14.2):
    - EasyMapping/Core (= 0.14.2)
  - EasyMapping/Core (0.14.2)
  - HardCoreData (0.1.2)
  - macros_blocks (0.0.3):
    - macros_blocks/core (= 0.0.3)
  - macros_blocks/core (0.0.3)

DEPENDENCIES:
  - ABMultiton
  - AFNetworking
  - EasyMapping
  - HardCoreData
  - macros_blocks

SPEC CHECKSUMS:
  ABMultiton: c580cc9ecd6f0869535241368fdcc44c4f5d141c
  AFNetworking: 05edc0ac4c4c8cf57bcf4b84be5b0744b6d8e71e
  EasyMapping: 9966f9608ab9fdbbf9e6d870badcafbe68198e1c
  HardCoreData: d5684670b07b26d5e197b3707decc977aaf654cc
  macros_blocks: fae8dc0d72562dfcbe08caaeafcdc857625d343c

COCOAPODS: 0.37.2
