// !$*UTF8*$!
{
	archiveVersion = 1;
	classes = {
	};
	objectVersion = 46;
	objects = {

/* Begin PBXBuildFile section */
		A72FE5851B1EDCCA0079011D /* TBBuildsLoaderTests.m in Sources */ = {isa = PBXBuildFile; fileRef = A72FE5841B1EDCCA0079011D /* TBBuildsLoaderTests.m */; };
		A73775B51B256F6100E94AEF /* TBContentDownloader.m in Sources */ = {isa = PBXBuildFile; fileRef = A73775B41B256F6100E94AEF /* TBContentDownloader.m */; };
		A73776071B25F9A500E94AEF /* TBLocalFilesManager.m in Sources */ = {isa = PBXBuildFile; fileRef = A73776061B25F9A500E94AEF /* TBLocalFilesManager.m */; };
		A737760B1B2709DC00E94AEF /* TBGravatarLinksBuilder.m in Sources */ = {isa = PBXBuildFile; fileRef = A737760A1B2709DC00E94AEF /* TBGravatarLinksBuilder.m */; };
		A737760D1B270CBE00E94AEF /* TBGravatarLinksBuilderTests.m in Sources */ = {isa = PBXBuildFile; fileRef = A737760C1B270CBE00E94AEF /* TBGravatarLinksBuilderTests.m */; };
		A73776101B270F3600E94AEF /* TBArtworksProvider.m in Sources */ = {isa = PBXBuildFile; fileRef = A737760F1B270F3600E94AEF /* TBArtworksProvider.m */; };
		A73776121B27141000E94AEF /* TBArtworksProviderTests.m in Sources */ = {isa = PBXBuildFile; fileRef = A73776111B27141000E94AEF /* TBArtworksProviderTests.m */; };
		A73776161B272FD300E94AEF /* TBBuildsArrayController.m in Sources */ = {isa = PBXBuildFile; fileRef = A73776151B272FD300E94AEF /* TBBuildsArrayController.m */; };
		A73776191B27353D00E94AEF /* TBRoundedImageView.m in Sources */ = {isa = PBXBuildFile; fileRef = A73776181B27353D00E94AEF /* TBRoundedImageView.m */; };
		A76423781B1CD122009175E5 /* main.m in Sources */ = {isa = PBXBuildFile; fileRef = A76423771B1CD122009175E5 /* main.m */; };
		A76423801B1CD122009175E5 /* Images.xcassets in Resources */ = {isa = PBXBuildFile; fileRef = A764237F1B1CD122009175E5 /* Images.xcassets */; };
		A76423831B1CD122009175E5 /* Main.storyboard in Resources */ = {isa = PBXBuildFile; fileRef = A76423811B1CD122009175E5 /* Main.storyboard */; };
		A764239B1B1CD2AB009175E5 /* AppDelegate.m in Sources */ = {isa = PBXBuildFile; fileRef = A764239A1B1CD2AB009175E5 /* AppDelegate.m */; };
		A764239F1B1CD2DD009175E5 /* TBBuildsListViewController.m in Sources */ = {isa = PBXBuildFile; fileRef = A764239E1B1CD2DD009175E5 /* TBBuildsListViewController.m */; };
		A76423A31B1CDAF6009175E5 /* TBBuildsListRowView.m in Sources */ = {isa = PBXBuildFile; fileRef = A76423A21B1CDAF6009175E5 /* TBBuildsListRowView.m */; };
		A7A7E13F1B1DE0AE00CD0029 /* TBBuildsLoader.m in Sources */ = {isa = PBXBuildFile; fileRef = A7A7E13E1B1DE0AE00CD0029 /* TBBuildsLoader.m */; };
		A7A7E1431B1DE73700CD0029 /* TBBuild+Additions.m in Sources */ = {isa = PBXBuildFile; fileRef = A7A7E1421B1DE73700CD0029 /* TBBuild+Additions.m */; };
		A7A7E1461B1DE78200CD0029 /* ZMLDataTransformer.m in Sources */ = {isa = PBXBuildFile; fileRef = A7A7E1451B1DE78200CD0029 /* ZMLDataTransformer.m */; };
		A7A7E1571B1DF99500CD0029 /* ZMLRequestAttachment+Additions.m in Sources */ = {isa = PBXBuildFile; fileRef = A7A7E14B1B1DF99500CD0029 /* ZMLRequestAttachment+Additions.m */; };
		A7A7E1581B1DF99500CD0029 /* ZMLRequestAttachment.m in Sources */ = {isa = PBXBuildFile; fileRef = A7A7E14D1B1DF99500CD0029 /* ZMLRequestAttachment.m */; };
		A7A7E15C1B1DF99500CD0029 /* ZMLRequestManager.m in Sources */ = {isa = PBXBuildFile; fileRef = A7A7E1561B1DF99500CD0029 /* ZMLRequestManager.m */; };
		A7A7E1601B1DF9BA00CD0029 /* ZMLAPIConfiguration.m in Sources */ = {isa = PBXBuildFile; fileRef = A7A7E15F1B1DF9BA00CD0029 /* ZMLAPIConfiguration.m */; };
		A7A7E1691B1DFBA100CD0029 /* ZMLBaseRequestSerializer.m in Sources */ = {isa = PBXBuildFile; fileRef = A7A7E1631B1DFBA100CD0029 /* ZMLBaseRequestSerializer.m */; };
		A7A7E16B1B1DFBA100CD0029 /* ZMLBaseJSONSerializer.m in Sources */ = {isa = PBXBuildFile; fileRef = A7A7E1681B1DFBA100CD0029 /* ZMLBaseJSONSerializer.m */; };
		A7A7E1711B1DFE8600CD0029 /* ZMLAPIResponseHandler.m in Sources */ = {isa = PBXBuildFile; fileRef = A7A7E1701B1DFE8600CD0029 /* ZMLAPIResponseHandler.m */; };
		A7F9B36C1B1DABF800B55DD0 /* TBHexToColorTransformer.m in Sources */ = {isa = PBXBuildFile; fileRef = A7F9B36B1B1DABF800B55DD0 /* TBHexToColorTransformer.m */; };
		A7F9B36F1B1DAD6D00B55DD0 /* TBBackgroundColorView.m in Sources */ = {isa = PBXBuildFile; fileRef = A7F9B36E1B1DAD6D00B55DD0 /* TBBackgroundColorView.m */; };
		A7F9B3761B1DBB1F00B55DD0 /* TBBuild.m in Sources */ = {isa = PBXBuildFile; fileRef = A7F9B3751B1DBB1F00B55DD0 /* TBBuild.m */; };
		A7F9B37E1B1DC0E800B55DD0 /* TBTravisBoard.xcdatamodeld in Sources */ = {isa = PBXBuildFile; fileRef = A7F9B37C1B1DC0E800B55DD0 /* TBTravisBoard.xcdatamodeld */; };
		A7FF83931B1ED98000F3B73B /* TBBaseTestCase.m in Sources */ = {isa = PBXBuildFile; fileRef = A7FF83921B1ED98000F3B73B /* TBBaseTestCase.m */; };
		A7FF83971B1ED99900F3B73B /* TBRequestManagerTests.m in Sources */ = {isa = PBXBuildFile; fileRef = A7FF83941B1ED99900F3B73B /* TBRequestManagerTests.m */; };
		A7FF83981B1ED99900F3B73B /* ZMLTestableRequestManager.m in Sources */ = {isa = PBXBuildFile; fileRef = A7FF83951B1ED99900F3B73B /* ZMLTestableRequestManager.m */; };
		B161B272E745231DF8E2888D /* libPods-TravisBoardTests.a in Frameworks */ = {isa = PBXBuildFile; fileRef = 86155CA1C2DD6E92BC6B8E72 /* libPods-TravisBoardTests.a */; };
		E2570CBDF267EE0321C42A07 /* libPods.a in Frameworks */ = {isa = PBXBuildFile; fileRef = 2DD1DC949354B4CB8F70D896 /* libPods.a */; };
/* End PBXBuildFile section */

/* Begin PBXContainerItemProxy section */
		A76423891B1CD123009175E5 /* PBXContainerItemProxy */ = {
			isa = PBXContainerItemProxy;
			containerPortal = A76423671B1CD122009175E5 /* Project object */;
			proxyType = 1;
			remoteGlobalIDString = A764236E1B1CD122009175E5;
			remoteInfo = TravisBoard;
		};
/* End PBXContainerItemProxy section */

/* Begin PBXFileReference section */
		2DD1DC949354B4CB8F70D896 /* libPods.a */ = {isa = PBXFileReference; explicitFileType = archive.ar; includeInIndex = 0; path = libPods.a; sourceTree = BUILT_PRODUCTS_DIR; };
		3864D48CC08D48CFE296B986 /* Pods.release.xcconfig */ = {isa = PBXFileReference; includeInIndex = 1; lastKnownFileType = text.xcconfig; name = Pods.release.xcconfig; path = "Pods/Target Support Files/Pods/Pods.release.xcconfig"; sourceTree = "<group>"; };
		65F1888DFC30008CE428A8E3 /* Pods-TravisBoardTests.release.xcconfig */ = {isa = PBXFileReference; includeInIndex = 1; lastKnownFileType = text.xcconfig; name = "Pods-TravisBoardTests.release.xcconfig"; path = "Pods/Target Support Files/Pods-TravisBoardTests/Pods-TravisBoardTests.release.xcconfig"; sourceTree = "<group>"; };
		7789F9710D6A77B54968FA66 /* Pods.debug.xcconfig */ = {isa = PBXFileReference; includeInIndex = 1; lastKnownFileType = text.xcconfig; name = Pods.debug.xcconfig; path = "Pods/Target Support Files/Pods/Pods.debug.xcconfig"; sourceTree = "<group>"; };
		86155CA1C2DD6E92BC6B8E72 /* libPods-TravisBoardTests.a */ = {isa = PBXFileReference; explicitFileType = archive.ar; includeInIndex = 0; path = "libPods-TravisBoardTests.a"; sourceTree = BUILT_PRODUCTS_DIR; };
		A72FE5841B1EDCCA0079011D /* TBBuildsLoaderTests.m */ = {isa = PBXFileReference; fileEncoding = 4; lastKnownFileType = sourcecode.c.objc; path = TBBuildsLoaderTests.m; sourceTree = "<group>"; };
		A73775B31B256F6100E94AEF /* TBContentDownloader.h */ = {isa = PBXFileReference; fileEncoding = 4; lastKnownFileType = sourcecode.c.h; path = TBContentDownloader.h; sourceTree = "<group>"; };
		A73775B41B256F6100E94AEF /* TBContentDownloader.m */ = {isa = PBXFileReference; fileEncoding = 4; lastKnownFileType = sourcecode.c.objc; path = TBContentDownloader.m; sourceTree = "<group>"; };
		A73776051B25F9A500E94AEF /* TBLocalFilesManager.h */ = {isa = PBXFileReference; fileEncoding = 4; lastKnownFileType = sourcecode.c.h; path = TBLocalFilesManager.h; sourceTree = "<group>"; };
		A73776061B25F9A500E94AEF /* TBLocalFilesManager.m */ = {isa = PBXFileReference; fileEncoding = 4; lastKnownFileType = sourcecode.c.objc; path = TBLocalFilesManager.m; sourceTree = "<group>"; };
		A73776091B2709DC00E94AEF /* TBGravatarLinksBuilder.h */ = {isa = PBXFileReference; fileEncoding = 4; lastKnownFileType = sourcecode.c.h; path = TBGravatarLinksBuilder.h; sourceTree = "<group>"; };
		A737760A1B2709DC00E94AEF /* TBGravatarLinksBuilder.m */ = {isa = PBXFileReference; fileEncoding = 4; lastKnownFileType = sourcecode.c.objc; path = TBGravatarLinksBuilder.m; sourceTree = "<group>"; };
		A737760C1B270CBE00E94AEF /* TBGravatarLinksBuilderTests.m */ = {isa = PBXFileReference; fileEncoding = 4; lastKnownFileType = sourcecode.c.objc; path = TBGravatarLinksBuilderTests.m; sourceTree = "<group>"; };
		A737760E1B270F3600E94AEF /* TBArtworksProvider.h */ = {isa = PBXFileReference; fileEncoding = 4; lastKnownFileType = sourcecode.c.h; path = TBArtworksProvider.h; sourceTree = "<group>"; };
		A737760F1B270F3600E94AEF /* TBArtworksProvider.m */ = {isa = PBXFileReference; fileEncoding = 4; lastKnownFileType = sourcecode.c.objc; path = TBArtworksProvider.m; sourceTree = "<group>"; };
		A73776111B27141000E94AEF /* TBArtworksProviderTests.m */ = {isa = PBXFileReference; fileEncoding = 4; lastKnownFileType = sourcecode.c.objc; path = TBArtworksProviderTests.m; sourceTree = "<group>"; };
		A73776141B272FD300E94AEF /* TBBuildsArrayController.h */ = {isa = PBXFileReference; fileEncoding = 4; lastKnownFileType = sourcecode.c.h; path = TBBuildsArrayController.h; sourceTree = "<group>"; };
		A73776151B272FD300E94AEF /* TBBuildsArrayController.m */ = {isa = PBXFileReference; fileEncoding = 4; lastKnownFileType = sourcecode.c.objc; path = TBBuildsArrayController.m; sourceTree = "<group>"; };
		A73776171B27353D00E94AEF /* TBRoundedImageView.h */ = {isa = PBXFileReference; fileEncoding = 4; lastKnownFileType = sourcecode.c.h; path = TBRoundedImageView.h; sourceTree = "<group>"; };
		A73776181B27353D00E94AEF /* TBRoundedImageView.m */ = {isa = PBXFileReference; fileEncoding = 4; lastKnownFileType = sourcecode.c.objc; path = TBRoundedImageView.m; sourceTree = "<group>"; };
		A764236F1B1CD122009175E5 /* TravisBoard.app */ = {isa = PBXFileReference; explicitFileType = wrapper.application; includeInIndex = 0; path = TravisBoard.app; sourceTree = BUILT_PRODUCTS_DIR; };
		A76423731B1CD122009175E5 /* Info.plist */ = {isa = PBXFileReference; lastKnownFileType = text.plist.xml; path = Info.plist; sourceTree = "<group>"; };
		A76423771B1CD122009175E5 /* main.m */ = {isa = PBXFileReference; lastKnownFileType = sourcecode.c.objc; path = main.m; sourceTree = "<group>"; };
		A764237F1B1CD122009175E5 /* Images.xcassets */ = {isa = PBXFileReference; lastKnownFileType = folder.assetcatalog; path = Images.xcassets; sourceTree = "<group>"; };
		A76423821B1CD122009175E5 /* Base */ = {isa = PBXFileReference; lastKnownFileType = file.storyboard; name = Base; path = Base.lproj/Main.storyboard; sourceTree = "<group>"; };
		A76423881B1CD123009175E5 /* TravisBoardTests.xctest */ = {isa = PBXFileReference; explicitFileType = wrapper.cfbundle; includeInIndex = 0; path = TravisBoardTests.xctest; sourceTree = BUILT_PRODUCTS_DIR; };
		A764238D1B1CD123009175E5 /* Info.plist */ = {isa = PBXFileReference; lastKnownFileType = text.plist.xml; path = Info.plist; sourceTree = "<group>"; };
		A76423991B1CD2AB009175E5 /* AppDelegate.h */ = {isa = PBXFileReference; fileEncoding = 4; lastKnownFileType = sourcecode.c.h; path = AppDelegate.h; sourceTree = "<group>"; };
		A764239A1B1CD2AB009175E5 /* AppDelegate.m */ = {isa = PBXFileReference; fileEncoding = 4; lastKnownFileType = sourcecode.c.objc; path = AppDelegate.m; sourceTree = "<group>"; };
		A764239D1B1CD2DD009175E5 /* TBBuildsListViewController.h */ = {isa = PBXFileReference; fileEncoding = 4; lastKnownFileType = sourcecode.c.h; path = TBBuildsListViewController.h; sourceTree = "<group>"; };
		A764239E1B1CD2DD009175E5 /* TBBuildsListViewController.m */ = {isa = PBXFileReference; fileEncoding = 4; lastKnownFileType = sourcecode.c.objc; path = TBBuildsListViewController.m; sourceTree = "<group>"; };
		A76423A11B1CDAF6009175E5 /* TBBuildsListRowView.h */ = {isa = PBXFileReference; fileEncoding = 4; lastKnownFileType = sourcecode.c.h; path = TBBuildsListRowView.h; sourceTree = "<group>"; };
		A76423A21B1CDAF6009175E5 /* TBBuildsListRowView.m */ = {isa = PBXFileReference; fileEncoding = 4; lastKnownFileType = sourcecode.c.objc; path = TBBuildsListRowView.m; sourceTree = "<group>"; };
		A7A7E13D1B1DE0AE00CD0029 /* TBBuildsLoader.h */ = {isa = PBXFileReference; fileEncoding = 4; lastKnownFileType = sourcecode.c.h; path = TBBuildsLoader.h; sourceTree = "<group>"; };
		A7A7E13E1B1DE0AE00CD0029 /* TBBuildsLoader.m */ = {isa = PBXFileReference; fileEncoding = 4; lastKnownFileType = sourcecode.c.objc; path = TBBuildsLoader.m; sourceTree = "<group>"; };
		A7A7E1411B1DE73700CD0029 /* TBBuild+Additions.h */ = {isa = PBXFileReference; fileEncoding = 4; lastKnownFileType = sourcecode.c.h; path = "TBBuild+Additions.h"; sourceTree = "<group>"; };
		A7A7E1421B1DE73700CD0029 /* TBBuild+Additions.m */ = {isa = PBXFileReference; fileEncoding = 4; lastKnownFileType = sourcecode.c.objc; path = "TBBuild+Additions.m"; sourceTree = "<group>"; };
		A7A7E1441B1DE78200CD0029 /* ZMLDataTransformer.h */ = {isa = PBXFileReference; fileEncoding = 4; lastKnownFileType = sourcecode.c.h; path = ZMLDataTransformer.h; sourceTree = "<group>"; };
		A7A7E1451B1DE78200CD0029 /* ZMLDataTransformer.m */ = {isa = PBXFileReference; fileEncoding = 4; lastKnownFileType = sourcecode.c.objc; path = ZMLDataTransformer.m; sourceTree = "<group>"; };
		A7A7E14A1B1DF99500CD0029 /* ZMLRequestAttachment+Additions.h */ = {isa = PBXFileReference; fileEncoding = 4; lastKnownFileType = sourcecode.c.h; path = "ZMLRequestAttachment+Additions.h"; sourceTree = "<group>"; };
		A7A7E14B1B1DF99500CD0029 /* ZMLRequestAttachment+Additions.m */ = {isa = PBXFileReference; fileEncoding = 4; lastKnownFileType = sourcecode.c.objc; path = "ZMLRequestAttachment+Additions.m"; sourceTree = "<group>"; };
		A7A7E14C1B1DF99500CD0029 /* ZMLRequestAttachment.h */ = {isa = PBXFileReference; fileEncoding = 4; lastKnownFileType = sourcecode.c.h; path = ZMLRequestAttachment.h; sourceTree = "<group>"; };
		A7A7E14D1B1DF99500CD0029 /* ZMLRequestAttachment.m */ = {isa = PBXFileReference; fileEncoding = 4; lastKnownFileType = sourcecode.c.objc; path = ZMLRequestAttachment.m; sourceTree = "<group>"; };
		A7A7E1551B1DF99500CD0029 /* ZMLRequestManager.h */ = {isa = PBXFileReference; fileEncoding = 4; lastKnownFileType = sourcecode.c.h; path = ZMLRequestManager.h; sourceTree = "<group>"; };
		A7A7E1561B1DF99500CD0029 /* ZMLRequestManager.m */ = {isa = PBXFileReference; fileEncoding = 4; lastKnownFileType = sourcecode.c.objc; path = ZMLRequestManager.m; sourceTree = "<group>"; };
		A7A7E15E1B1DF9BA00CD0029 /* ZMLAPIConfiguration.h */ = {isa = PBXFileReference; fileEncoding = 4; lastKnownFileType = sourcecode.c.h; path = ZMLAPIConfiguration.h; sourceTree = "<group>"; };
		A7A7E15F1B1DF9BA00CD0029 /* ZMLAPIConfiguration.m */ = {isa = PBXFileReference; fileEncoding = 4; lastKnownFileType = sourcecode.c.objc; path = ZMLAPIConfiguration.m; sourceTree = "<group>"; };
		A7A7E1621B1DFBA100CD0029 /* ZMLBaseRequestSerializer.h */ = {isa = PBXFileReference; fileEncoding = 4; lastKnownFileType = sourcecode.c.h; path = ZMLBaseRequestSerializer.h; sourceTree = "<group>"; };
		A7A7E1631B1DFBA100CD0029 /* ZMLBaseRequestSerializer.m */ = {isa = PBXFileReference; fileEncoding = 4; lastKnownFileType = sourcecode.c.objc; path = ZMLBaseRequestSerializer.m; sourceTree = "<group>"; };
		A7A7E1671B1DFBA100CD0029 /* ZMLBaseJSONSerializer.h */ = {isa = PBXFileReference; fileEncoding = 4; lastKnownFileType = sourcecode.c.h; path = ZMLBaseJSONSerializer.h; sourceTree = "<group>"; };
		A7A7E1681B1DFBA100CD0029 /* ZMLBaseJSONSerializer.m */ = {isa = PBXFileReference; fileEncoding = 4; lastKnownFileType = sourcecode.c.objc; path = ZMLBaseJSONSerializer.m; sourceTree = "<group>"; };
		A7A7E16E1B1DFE8600CD0029 /* ZMLResponseHandler.h */ = {isa = PBXFileReference; fileEncoding = 4; lastKnownFileType = sourcecode.c.h; path = ZMLResponseHandler.h; sourceTree = "<group>"; };
		A7A7E16F1B1DFE8600CD0029 /* ZMLAPIResponseHandler.h */ = {isa = PBXFileReference; fileEncoding = 4; lastKnownFileType = sourcecode.c.h; path = ZMLAPIResponseHandler.h; sourceTree = "<group>"; };
		A7A7E1701B1DFE8600CD0029 /* ZMLAPIResponseHandler.m */ = {isa = PBXFileReference; fileEncoding = 4; lastKnownFileType = sourcecode.c.objc; path = ZMLAPIResponseHandler.m; sourceTree = "<group>"; };
		A7A7E1721B1DFFEA00CD0029 /* TBAPIDefinitions.h */ = {isa = PBXFileReference; lastKnownFileType = sourcecode.c.h; path = TBAPIDefinitions.h; sourceTree = "<group>"; };
		A7F9B36A1B1DABF800B55DD0 /* TBHexToColorTransformer.h */ = {isa = PBXFileReference; fileEncoding = 4; lastKnownFileType = sourcecode.c.h; path = TBHexToColorTransformer.h; sourceTree = "<group>"; };
		A7F9B36B1B1DABF800B55DD0 /* TBHexToColorTransformer.m */ = {isa = PBXFileReference; fileEncoding = 4; lastKnownFileType = sourcecode.c.objc; path = TBHexToColorTransformer.m; sourceTree = "<group>"; };
		A7F9B36D1B1DAD6D00B55DD0 /* TBBackgroundColorView.h */ = {isa = PBXFileReference; fileEncoding = 4; lastKnownFileType = sourcecode.c.h; path = TBBackgroundColorView.h; sourceTree = "<group>"; };
		A7F9B36E1B1DAD6D00B55DD0 /* TBBackgroundColorView.m */ = {isa = PBXFileReference; fileEncoding = 4; lastKnownFileType = sourcecode.c.objc; path = TBBackgroundColorView.m; sourceTree = "<group>"; };
		A7F9B3711B1DB09600B55DD0 /* TBNSColorHexMacros.h */ = {isa = PBXFileReference; lastKnownFileType = sourcecode.c.h; path = TBNSColorHexMacros.h; sourceTree = "<group>"; };
		A7F9B3741B1DBB1F00B55DD0 /* TBBuild.h */ = {isa = PBXFileReference; fileEncoding = 4; lastKnownFileType = sourcecode.c.h; path = TBBuild.h; sourceTree = "<group>"; };
		A7F9B3751B1DBB1F00B55DD0 /* TBBuild.m */ = {isa = PBXFileReference; fileEncoding = 4; lastKnownFileType = sourcecode.c.objc; path = TBBuild.m; sourceTree = "<group>"; };
		A7F9B37D1B1DC0E800B55DD0 /* TBTravisBoard.xcdatamodel */ = {isa = PBXFileReference; lastKnownFileType = wrapper.xcdatamodel; path = TBTravisBoard.xcdatamodel; sourceTree = "<group>"; };
		A7FF83911B1ED98000F3B73B /* TBBaseTestCase.h */ = {isa = PBXFileReference; fileEncoding = 4; lastKnownFileType = sourcecode.c.h; path = TBBaseTestCase.h; sourceTree = "<group>"; };
		A7FF83921B1ED98000F3B73B /* TBBaseTestCase.m */ = {isa = PBXFileReference; fileEncoding = 4; lastKnownFileType = sourcecode.c.objc; path = TBBaseTestCase.m; sourceTree = "<group>"; };
		A7FF83941B1ED99900F3B73B /* TBRequestManagerTests.m */ = {isa = PBXFileReference; fileEncoding = 4; lastKnownFileType = sourcecode.c.objc; path = TBRequestManagerTests.m; sourceTree = "<group>"; };
		A7FF83951B1ED99900F3B73B /* ZMLTestableRequestManager.m */ = {isa = PBXFileReference; fileEncoding = 4; lastKnownFileType = sourcecode.c.objc; path = ZMLTestableRequestManager.m; sourceTree = "<group>"; };
		A7FF83961B1ED99900F3B73B /* ZMLTestableRequestManager.h */ = {isa = PBXFileReference; fileEncoding = 4; lastKnownFileType = sourcecode.c.h; path = ZMLTestableRequestManager.h; sourceTree = "<group>"; };
		AAFBEC5F83E741B9BCA1A2BA /* Pods-TravisBoardTests.debug.xcconfig */ = {isa = PBXFileReference; includeInIndex = 1; lastKnownFileType = text.xcconfig; name = "Pods-TravisBoardTests.debug.xcconfig"; path = "Pods/Target Support Files/Pods-TravisBoardTests/Pods-TravisBoardTests.debug.xcconfig"; sourceTree = "<group>"; };
/* End PBXFileReference section */

/* Begin PBXFrameworksBuildPhase section */
		A764236C1B1CD122009175E5 /* Frameworks */ = {
			isa = PBXFrameworksBuildPhase;
			buildActionMask = 2147483647;
			files = (
				E2570CBDF267EE0321C42A07 /* libPods.a in Frameworks */,
			);
			runOnlyForDeploymentPostprocessing = 0;
		};
		A76423851B1CD123009175E5 /* Frameworks */ = {
			isa = PBXFrameworksBuildPhase;
			buildActionMask = 2147483647;
			files = (
				B161B272E745231DF8E2888D /* libPods-TravisBoardTests.a in Frameworks */,
			);
			runOnlyForDeploymentPostprocessing = 0;
		};
/* End PBXFrameworksBuildPhase section */

/* Begin PBXGroup section */
		1DD0FBA17839B2E45CEC6A3A /* Frameworks */ = {
			isa = PBXGroup;
			children = (
				2DD1DC949354B4CB8F70D896 /* libPods.a */,
				86155CA1C2DD6E92BC6B8E72 /* libPods-TravisBoardTests.a */,
			);
			name = Frameworks;
			sourceTree = "<group>";
		};
		3B99E17246A419842CA2FF9C /* Pods */ = {
			isa = PBXGroup;
			children = (
				7789F9710D6A77B54968FA66 /* Pods.debug.xcconfig */,
				3864D48CC08D48CFE296B986 /* Pods.release.xcconfig */,
				AAFBEC5F83E741B9BCA1A2BA /* Pods-TravisBoardTests.debug.xcconfig */,
				65F1888DFC30008CE428A8E3 /* Pods-TravisBoardTests.release.xcconfig */,
			);
			name = Pods;
			sourceTree = "<group>";
		};
		A73776041B25F98800E94AEF /* Managers */ = {
			isa = PBXGroup;
			children = (
				A73776051B25F9A500E94AEF /* TBLocalFilesManager.h */,
				A73776061B25F9A500E94AEF /* TBLocalFilesManager.m */,
			);
			path = Managers;
			sourceTree = "<group>";
		};
		A73776081B2709D000E94AEF /* Builders */ = {
			isa = PBXGroup;
			children = (
				A73776091B2709DC00E94AEF /* TBGravatarLinksBuilder.h */,
				A737760A1B2709DC00E94AEF /* TBGravatarLinksBuilder.m */,
			);
			path = Builders;
			sourceTree = "<group>";
		};
		A73776131B272FC000E94AEF /* ArrayControllers */ = {
			isa = PBXGroup;
			children = (
				A73776141B272FD300E94AEF /* TBBuildsArrayController.h */,
				A73776151B272FD300E94AEF /* TBBuildsArrayController.m */,
			);
			path = ArrayControllers;
			sourceTree = "<group>";
		};
		A76423661B1CD122009175E5 = {
			isa = PBXGroup;
			children = (
				A76423711B1CD122009175E5 /* TravisBoard */,
				A764238B1B1CD123009175E5 /* TravisBoardTests */,
				A76423701B1CD122009175E5 /* Products */,
				3B99E17246A419842CA2FF9C /* Pods */,
				1DD0FBA17839B2E45CEC6A3A /* Frameworks */,
			);
			sourceTree = "<group>";
		};
		A76423701B1CD122009175E5 /* Products */ = {
			isa = PBXGroup;
			children = (
				A764236F1B1CD122009175E5 /* TravisBoard.app */,
				A76423881B1CD123009175E5 /* TravisBoardTests.xctest */,
			);
			name = Products;
			sourceTree = "<group>";
		};
		A76423711B1CD122009175E5 /* TravisBoard */ = {
			isa = PBXGroup;
			children = (
				A7F9B3701B1DB08D00B55DD0 /* Definitions */,
				A76423981B1CD2AB009175E5 /* AppDelegate */,
				A73776081B2709D000E94AEF /* Builders */,
				A7A7E13C1B1DE0A000CD0029 /* Loaders */,
				A7F9B3691B1DAB6300B55DD0 /* Transformers */,
				A7F9B3721B1DBA9800B55DD0 /* Models */,
				A73776041B25F98800E94AEF /* Managers */,
				A76423A01B1CD3C5009175E5 /* Views */,
				A764239C1B1CD2B1009175E5 /* ViewControllers */,
				A73776131B272FC000E94AEF /* ArrayControllers */,
				A76423721B1CD122009175E5 /* Supporting Files */,
			);
			path = TravisBoard;
			sourceTree = "<group>";
		};
		A76423721B1CD122009175E5 /* Supporting Files */ = {
			isa = PBXGroup;
			children = (
				A764237F1B1CD122009175E5 /* Images.xcassets */,
				A76423731B1CD122009175E5 /* Info.plist */,
				A76423771B1CD122009175E5 /* main.m */,
			);
			name = "Supporting Files";
			sourceTree = "<group>";
		};
		A764238B1B1CD123009175E5 /* TravisBoardTests */ = {
			isa = PBXGroup;
			children = (
				A7FF83991B1ED99D00F3B73B /* RequestManagerTests */,
				A7FF83911B1ED98000F3B73B /* TBBaseTestCase.h */,
				A7FF83921B1ED98000F3B73B /* TBBaseTestCase.m */,
				A72FE5841B1EDCCA0079011D /* TBBuildsLoaderTests.m */,
				A737760C1B270CBE00E94AEF /* TBGravatarLinksBuilderTests.m */,
				A73776111B27141000E94AEF /* TBArtworksProviderTests.m */,
				A764238C1B1CD123009175E5 /* Supporting Files */,
			);
			path = TravisBoardTests;
			sourceTree = "<group>";
		};
		A764238C1B1CD123009175E5 /* Supporting Files */ = {
			isa = PBXGroup;
			children = (
				A764238D1B1CD123009175E5 /* Info.plist */,
			);
			name = "Supporting Files";
			sourceTree = "<group>";
		};
		A76423981B1CD2AB009175E5 /* AppDelegate */ = {
			isa = PBXGroup;
			children = (
				A76423991B1CD2AB009175E5 /* AppDelegate.h */,
				A764239A1B1CD2AB009175E5 /* AppDelegate.m */,
			);
			path = AppDelegate;
			sourceTree = "<group>";
		};
		A764239C1B1CD2B1009175E5 /* ViewControllers */ = {
			isa = PBXGroup;
			children = (
				A764239D1B1CD2DD009175E5 /* TBBuildsListViewController.h */,
				A764239E1B1CD2DD009175E5 /* TBBuildsListViewController.m */,
			);
			path = ViewControllers;
			sourceTree = "<group>";
		};
		A76423A01B1CD3C5009175E5 /* Views */ = {
			isa = PBXGroup;
			children = (
				A7A7E16C1B1DFD3700CD0029 /* Storyboards */,
				A76423A11B1CDAF6009175E5 /* TBBuildsListRowView.h */,
				A76423A21B1CDAF6009175E5 /* TBBuildsListRowView.m */,
				A7F9B36D1B1DAD6D00B55DD0 /* TBBackgroundColorView.h */,
				A7F9B36E1B1DAD6D00B55DD0 /* TBBackgroundColorView.m */,
				A73776171B27353D00E94AEF /* TBRoundedImageView.h */,
				A73776181B27353D00E94AEF /* TBRoundedImageView.m */,
			);
			path = Views;
			sourceTree = "<group>";
		};
		A7A7E13C1B1DE0A000CD0029 /* Loaders */ = {
			isa = PBXGroup;
			children = (
				A7A7E1471B1DF99500CD0029 /* RequestManager */,
				A7A7E13D1B1DE0AE00CD0029 /* TBBuildsLoader.h */,
				A7A7E13E1B1DE0AE00CD0029 /* TBBuildsLoader.m */,
				A73775B31B256F6100E94AEF /* TBContentDownloader.h */,
				A73775B41B256F6100E94AEF /* TBContentDownloader.m */,
				A737760E1B270F3600E94AEF /* TBArtworksProvider.h */,
				A737760F1B270F3600E94AEF /* TBArtworksProvider.m */,
			);
			path = Loaders;
			sourceTree = "<group>";
		};
		A7A7E1401B1DE72300CD0029 /* Categories */ = {
			isa = PBXGroup;
			children = (
				A7A7E1411B1DE73700CD0029 /* TBBuild+Additions.h */,
				A7A7E1421B1DE73700CD0029 /* TBBuild+Additions.m */,
			);
			path = Categories;
			sourceTree = "<group>";
		};
		A7A7E1471B1DF99500CD0029 /* RequestManager */ = {
			isa = PBXGroup;
			children = (
				A7A7E16D1B1DFDEA00CD0029 /* ResponseHandlers */,
				A7A7E1611B1DFBA100CD0029 /* RequestSerializers */,
				A7A7E1661B1DFBA100CD0029 /* ResponseSerializers */,
				A7A7E15D1B1DF9BA00CD0029 /* Configuration */,
				A7A7E1481B1DF99500CD0029 /* Attachment */,
				A7A7E1551B1DF99500CD0029 /* ZMLRequestManager.h */,
				A7A7E1561B1DF99500CD0029 /* ZMLRequestManager.m */,
			);
			path = RequestManager;
			sourceTree = "<group>";
		};
		A7A7E1481B1DF99500CD0029 /* Attachment */ = {
			isa = PBXGroup;
			children = (
				A7A7E1491B1DF99500CD0029 /* Category */,
				A7A7E14C1B1DF99500CD0029 /* ZMLRequestAttachment.h */,
				A7A7E14D1B1DF99500CD0029 /* ZMLRequestAttachment.m */,
			);
			path = Attachment;
			sourceTree = "<group>";
		};
		A7A7E1491B1DF99500CD0029 /* Category */ = {
			isa = PBXGroup;
			children = (
				A7A7E14A1B1DF99500CD0029 /* ZMLRequestAttachment+Additions.h */,
				A7A7E14B1B1DF99500CD0029 /* ZMLRequestAttachment+Additions.m */,
			);
			path = Category;
			sourceTree = "<group>";
		};
		A7A7E15D1B1DF9BA00CD0029 /* Configuration */ = {
			isa = PBXGroup;
			children = (
				A7A7E15E1B1DF9BA00CD0029 /* ZMLAPIConfiguration.h */,
				A7A7E15F1B1DF9BA00CD0029 /* ZMLAPIConfiguration.m */,
			);
			path = Configuration;
			sourceTree = "<group>";
		};
		A7A7E1611B1DFBA100CD0029 /* RequestSerializers */ = {
			isa = PBXGroup;
			children = (
				A7A7E1621B1DFBA100CD0029 /* ZMLBaseRequestSerializer.h */,
				A7A7E1631B1DFBA100CD0029 /* ZMLBaseRequestSerializer.m */,
			);
			path = RequestSerializers;
			sourceTree = "<group>";
		};
		A7A7E1661B1DFBA100CD0029 /* ResponseSerializers */ = {
			isa = PBXGroup;
			children = (
				A7A7E1671B1DFBA100CD0029 /* ZMLBaseJSONSerializer.h */,
				A7A7E1681B1DFBA100CD0029 /* ZMLBaseJSONSerializer.m */,
			);
			path = ResponseSerializers;
			sourceTree = "<group>";
		};
		A7A7E16C1B1DFD3700CD0029 /* Storyboards */ = {
			isa = PBXGroup;
			children = (
				A76423811B1CD122009175E5 /* Main.storyboard */,
			);
			name = Storyboards;
			sourceTree = "<group>";
		};
		A7A7E16D1B1DFDEA00CD0029 /* ResponseHandlers */ = {
			isa = PBXGroup;
			children = (
				A7A7E16E1B1DFE8600CD0029 /* ZMLResponseHandler.h */,
				A7A7E16F1B1DFE8600CD0029 /* ZMLAPIResponseHandler.h */,
				A7A7E1701B1DFE8600CD0029 /* ZMLAPIResponseHandler.m */,
			);
			path = ResponseHandlers;
			sourceTree = "<group>";
		};
		A7F9B3691B1DAB6300B55DD0 /* Transformers */ = {
			isa = PBXGroup;
			children = (
				A7A7E1441B1DE78200CD0029 /* ZMLDataTransformer.h */,
				A7A7E1451B1DE78200CD0029 /* ZMLDataTransformer.m */,
				A7F9B36A1B1DABF800B55DD0 /* TBHexToColorTransformer.h */,
				A7F9B36B1B1DABF800B55DD0 /* TBHexToColorTransformer.m */,
			);
			path = Transformers;
			sourceTree = "<group>";
		};
		A7F9B3701B1DB08D00B55DD0 /* Definitions */ = {
			isa = PBXGroup;
			children = (
				A7F9B3711B1DB09600B55DD0 /* TBNSColorHexMacros.h */,
				A7A7E1721B1DFFEA00CD0029 /* TBAPIDefinitions.h */,
			);
			path = Definitions;
			sourceTree = "<group>";
		};
		A7F9B3721B1DBA9800B55DD0 /* Models */ = {
			isa = PBXGroup;
			children = (
				A7F9B3771B1DBB3700B55DD0 /* DataModel */,
				A7F9B3731B1DBB1300B55DD0 /* Entities */,
			);
			path = Models;
			sourceTree = "<group>";
		};
		A7F9B3731B1DBB1300B55DD0 /* Entities */ = {
			isa = PBXGroup;
			children = (
				A7A7E1401B1DE72300CD0029 /* Categories */,
				A7F9B3741B1DBB1F00B55DD0 /* TBBuild.h */,
				A7F9B3751B1DBB1F00B55DD0 /* TBBuild.m */,
			);
			path = Entities;
			sourceTree = "<group>";
		};
		A7F9B3771B1DBB3700B55DD0 /* DataModel */ = {
			isa = PBXGroup;
			children = (
				A7F9B37C1B1DC0E800B55DD0 /* TBTravisBoard.xcdatamodeld */,
			);
			path = DataModel;
			sourceTree = "<group>";
		};
		A7FF83991B1ED99D00F3B73B /* RequestManagerTests */ = {
			isa = PBXGroup;
			children = (
				A7FF83941B1ED99900F3B73B /* TBRequestManagerTests.m */,
				A7FF83951B1ED99900F3B73B /* ZMLTestableRequestManager.m */,
				A7FF83961B1ED99900F3B73B /* ZMLTestableRequestManager.h */,
			);
			name = RequestManagerTests;
			sourceTree = "<group>";
		};
/* End PBXGroup section */

/* Begin PBXNativeTarget section */
		A764236E1B1CD122009175E5 /* TravisBoard */ = {
			isa = PBXNativeTarget;
			buildConfigurationList = A76423921B1CD123009175E5 /* Build configuration list for PBXNativeTarget "TravisBoard" */;
			buildPhases = (
				3BEA5B39183E843787F51CE0 /* Check Pods Manifest.lock */,
				A764236B1B1CD122009175E5 /* Sources */,
				A764236C1B1CD122009175E5 /* Frameworks */,
				A764236D1B1CD122009175E5 /* Resources */,
				7992BCC41CEB7FC001B5B769 /* Copy Pods Resources */,
			);
			buildRules = (
			);
			dependencies = (
			);
			name = TravisBoard;
			productName = TravisBoard;
			productReference = A764236F1B1CD122009175E5 /* TravisBoard.app */;
			productType = "com.apple.product-type.application";
		};
		A76423871B1CD123009175E5 /* TravisBoardTests */ = {
			isa = PBXNativeTarget;
			buildConfigurationList = A76423951B1CD123009175E5 /* Build configuration list for PBXNativeTarget "TravisBoardTests" */;
			buildPhases = (
				95492EE2D4B7206C318BA15E /* Check Pods Manifest.lock */,
				A76423841B1CD123009175E5 /* Sources */,
				A76423851B1CD123009175E5 /* Frameworks */,
				A76423861B1CD123009175E5 /* Resources */,
				F17E76C09DD9A1BD281B9E7F /* Copy Pods Resources */,
			);
			buildRules = (
			);
			dependencies = (
				A764238A1B1CD123009175E5 /* PBXTargetDependency */,
			);
			name = TravisBoardTests;
			productName = TravisBoardTests;
			productReference = A76423881B1CD123009175E5 /* TravisBoardTests.xctest */;
			productType = "com.apple.product-type.bundle.unit-test";
		};
/* End PBXNativeTarget section */

/* Begin PBXProject section */
		A76423671B1CD122009175E5 /* Project object */ = {
			isa = PBXProject;
			attributes = {
				CLASSPREFIX = TB;
				LastUpgradeCheck = 0630;
				ORGANIZATIONNAME = Alterplay;
				TargetAttributes = {
					A764236E1B1CD122009175E5 = {
						CreatedOnToolsVersion = 6.3.2;
					};
					A76423871B1CD123009175E5 = {
						CreatedOnToolsVersion = 6.3.2;
						TestTargetID = A764236E1B1CD122009175E5;
					};
				};
			};
			buildConfigurationList = A764236A1B1CD122009175E5 /* Build configuration list for PBXProject "TravisBoard" */;
			compatibilityVersion = "Xcode 3.2";
			developmentRegion = English;
			hasScannedForEncodings = 0;
			knownRegions = (
				en,
				Base,
			);
			mainGroup = A76423661B1CD122009175E5;
			productRefGroup = A76423701B1CD122009175E5 /* Products */;
			projectDirPath = "";
			projectRoot = "";
			targets = (
				A764236E1B1CD122009175E5 /* TravisBoard */,
				A76423871B1CD123009175E5 /* TravisBoardTests */,
			);
		};
/* End PBXProject section */

/* Begin PBXResourcesBuildPhase section */
		A764236D1B1CD122009175E5 /* Resources */ = {
			isa = PBXResourcesBuildPhase;
			buildActionMask = 2147483647;
			files = (
				A76423801B1CD122009175E5 /* Images.xcassets in Resources */,
				A76423831B1CD122009175E5 /* Main.storyboard in Resources */,
			);
			runOnlyForDeploymentPostprocessing = 0;
		};
		A76423861B1CD123009175E5 /* Resources */ = {
			isa = PBXResourcesBuildPhase;
			buildActionMask = 2147483647;
			files = (
			);
			runOnlyForDeploymentPostprocessing = 0;
		};
/* End PBXResourcesBuildPhase section */

/* Begin PBXShellScriptBuildPhase section */
		3BEA5B39183E843787F51CE0 /* Check Pods Manifest.lock */ = {
			isa = PBXShellScriptBuildPhase;
			buildActionMask = 2147483647;
			files = (
			);
			inputPaths = (
			);
			name = "Check Pods Manifest.lock";
			outputPaths = (
			);
			runOnlyForDeploymentPostprocessing = 0;
			shellPath = /bin/sh;
			shellScript = "diff \"${PODS_ROOT}/../Podfile.lock\" \"${PODS_ROOT}/Manifest.lock\" > /dev/null\nif [[ $? != 0 ]] ; then\n    cat << EOM\nerror: The sandbox is not in sync with the Podfile.lock. Run 'pod install' or update your CocoaPods installation.\nEOM\n    exit 1\nfi\n";
			showEnvVarsInLog = 0;
		};
		7992BCC41CEB7FC001B5B769 /* Copy Pods Resources */ = {
			isa = PBXShellScriptBuildPhase;
			buildActionMask = 2147483647;
			files = (
			);
			inputPaths = (
			);
			name = "Copy Pods Resources";
			outputPaths = (
			);
			runOnlyForDeploymentPostprocessing = 0;
			shellPath = /bin/sh;
			shellScript = "\"${SRCROOT}/Pods/Target Support Files/Pods/Pods-resources.sh\"\n";
			showEnvVarsInLog = 0;
		};
		95492EE2D4B7206C318BA15E /* Check Pods Manifest.lock */ = {
			isa = PBXShellScriptBuildPhase;
			buildActionMask = 2147483647;
			files = (
			);
			inputPaths = (
			);
			name = "Check Pods Manifest.lock";
			outputPaths = (
			);
			runOnlyForDeploymentPostprocessing = 0;
			shellPath = /bin/sh;
			shellScript = "diff \"${PODS_ROOT}/../Podfile.lock\" \"${PODS_ROOT}/Manifest.lock\" > /dev/null\nif [[ $? != 0 ]] ; then\n    cat << EOM\nerror: The sandbox is not in sync with the Podfile.lock. Run 'pod install' or update your CocoaPods installation.\nEOM\n    exit 1\nfi\n";
			showEnvVarsInLog = 0;
		};
		F17E76C09DD9A1BD281B9E7F /* Copy Pods Resources */ = {
			isa = PBXShellScriptBuildPhase;
			buildActionMask = 2147483647;
			files = (
			);
			inputPaths = (
			);
			name = "Copy Pods Resources";
			outputPaths = (
			);
			runOnlyForDeploymentPostprocessing = 0;
			shellPath = /bin/sh;
			shellScript = "\"${SRCROOT}/Pods/Target Support Files/Pods-TravisBoardTests/Pods-TravisBoardTests-resources.sh\"\n";
			showEnvVarsInLog = 0;
		};
/* End PBXShellScriptBuildPhase section */

/* Begin PBXSourcesBuildPhase section */
		A764236B1B1CD122009175E5 /* Sources */ = {
			isa = PBXSourcesBuildPhase;
			buildActionMask = 2147483647;
			files = (
				A76423781B1CD122009175E5 /* main.m in Sources */,
				A7F9B36F1B1DAD6D00B55DD0 /* TBBackgroundColorView.m in Sources */,
				A7A7E1711B1DFE8600CD0029 /* ZMLAPIResponseHandler.m in Sources */,
				A737760B1B2709DC00E94AEF /* TBGravatarLinksBuilder.m in Sources */,
				A7A7E1431B1DE73700CD0029 /* TBBuild+Additions.m in Sources */,
				A76423A31B1CDAF6009175E5 /* TBBuildsListRowView.m in Sources */,
				A7A7E1571B1DF99500CD0029 /* ZMLRequestAttachment+Additions.m in Sources */,
				A7A7E1581B1DF99500CD0029 /* ZMLRequestAttachment.m in Sources */,
				A73776071B25F9A500E94AEF /* TBLocalFilesManager.m in Sources */,
				A73776101B270F3600E94AEF /* TBArtworksProvider.m in Sources */,
				A7A7E1691B1DFBA100CD0029 /* ZMLBaseRequestSerializer.m in Sources */,
				A73775B51B256F6100E94AEF /* TBContentDownloader.m in Sources */,
				A73776191B27353D00E94AEF /* TBRoundedImageView.m in Sources */,
				A7F9B3761B1DBB1F00B55DD0 /* TBBuild.m in Sources */,
				A7A7E13F1B1DE0AE00CD0029 /* TBBuildsLoader.m in Sources */,
				A7A7E1601B1DF9BA00CD0029 /* ZMLAPIConfiguration.m in Sources */,
				A764239B1B1CD2AB009175E5 /* AppDelegate.m in Sources */,
				A7A7E1461B1DE78200CD0029 /* ZMLDataTransformer.m in Sources */,
				A73776161B272FD300E94AEF /* TBBuildsArrayController.m in Sources */,
				A7F9B36C1B1DABF800B55DD0 /* TBHexToColorTransformer.m in Sources */,
				A764239F1B1CD2DD009175E5 /* TBBuildsListViewController.m in Sources */,
				A7A7E16B1B1DFBA100CD0029 /* ZMLBaseJSONSerializer.m in Sources */,
				A7F9B37E1B1DC0E800B55DD0 /* TBTravisBoard.xcdatamodeld in Sources */,
				A7A7E15C1B1DF99500CD0029 /* ZMLRequestManager.m in Sources */,
			);
			runOnlyForDeploymentPostprocessing = 0;
		};
		A76423841B1CD123009175E5 /* Sources */ = {
			isa = PBXSourcesBuildPhase;
			buildActionMask = 2147483647;
			files = (
				A7FF83931B1ED98000F3B73B /* TBBaseTestCase.m in Sources */,
				A7FF83981B1ED99900F3B73B /* ZMLTestableRequestManager.m in Sources */,
				A7FF83971B1ED99900F3B73B /* TBRequestManagerTests.m in Sources */,
				A73776121B27141000E94AEF /* TBArtworksProviderTests.m in Sources */,
				A72FE5851B1EDCCA0079011D /* TBBuildsLoaderTests.m in Sources */,
				A737760D1B270CBE00E94AEF /* TBGravatarLinksBuilderTests.m in Sources */,
			);
			runOnlyForDeploymentPostprocessing = 0;
		};
/* End PBXSourcesBuildPhase section */

/* Begin PBXTargetDependency section */
		A764238A1B1CD123009175E5 /* PBXTargetDependency */ = {
			isa = PBXTargetDependency;
			target = A764236E1B1CD122009175E5 /* TravisBoard */;
			targetProxy = A76423891B1CD123009175E5 /* PBXContainerItemProxy */;
		};
/* End PBXTargetDependency section */

/* Begin PBXVariantGroup section */
		A76423811B1CD122009175E5 /* Main.storyboard */ = {
			isa = PBXVariantGroup;
			children = (
				A76423821B1CD122009175E5 /* Base */,
			);
			name = Main.storyboard;
			path = ..;
			sourceTree = "<group>";
		};
/* End PBXVariantGroup section */

/* Begin XCBuildConfiguration section */
		A76423901B1CD123009175E5 /* Debug */ = {
			isa = XCBuildConfiguration;
			buildSettings = {
				ALWAYS_SEARCH_USER_PATHS = NO;
				CLANG_CXX_LANGUAGE_STANDARD = "gnu++0x";
				CLANG_CXX_LIBRARY = "libc++";
				CLANG_ENABLE_MODULES = YES;
				CLANG_ENABLE_OBJC_ARC = YES;
				CLANG_WARN_BOOL_CONVERSION = YES;
				CLANG_WARN_CONSTANT_CONVERSION = YES;
				CLANG_WARN_DIRECT_OBJC_ISA_USAGE = YES_ERROR;
				CLANG_WARN_EMPTY_BODY = YES;
				CLANG_WARN_ENUM_CONVERSION = YES;
				CLANG_WARN_INT_CONVERSION = YES;
				CLANG_WARN_OBJC_ROOT_CLASS = YES_ERROR;
				CLANG_WARN_UNREACHABLE_CODE = YES;
				CLANG_WARN__DUPLICATE_METHOD_MATCH = YES;
				CODE_SIGN_IDENTITY = "-";
				COPY_PHASE_STRIP = NO;
				DEBUG_INFORMATION_FORMAT = dwarf;
				ENABLE_STRICT_OBJC_MSGSEND = YES;
				GCC_C_LANGUAGE_STANDARD = gnu99;
				GCC_DYNAMIC_NO_PIC = NO;
				GCC_NO_COMMON_BLOCKS = YES;
				GCC_OPTIMIZATION_LEVEL = 0;
				GCC_PREPROCESSOR_DEFINITIONS = (
					"DEBUG=1",
					"$(inherited)",
				);
				GCC_SYMBOLS_PRIVATE_EXTERN = NO;
				GCC_WARN_64_TO_32_BIT_CONVERSION = YES;
				GCC_WARN_ABOUT_RETURN_TYPE = YES_ERROR;
				GCC_WARN_UNDECLARED_SELECTOR = YES;
				GCC_WARN_UNINITIALIZED_AUTOS = YES_AGGRESSIVE;
				GCC_WARN_UNUSED_FUNCTION = YES;
				GCC_WARN_UNUSED_VARIABLE = YES;
				MACOSX_DEPLOYMENT_TARGET = 10.10;
				MTL_ENABLE_DEBUG_INFO = YES;
				ONLY_ACTIVE_ARCH = YES;
				SDKROOT = macosx;
			};
			name = Debug;
		};
		A76423911B1CD123009175E5 /* Release */ = {
			isa = XCBuildConfiguration;
			buildSettings = {
				ALWAYS_SEARCH_USER_PATHS = NO;
				CLANG_CXX_LANGUAGE_STANDARD = "gnu++0x";
				CLANG_CXX_LIBRARY = "libc++";
				CLANG_ENABLE_MODULES = YES;
				CLANG_ENABLE_OBJC_ARC = YES;
				CLANG_WARN_BOOL_CONVERSION = YES;
				CLANG_WARN_CONSTANT_CONVERSION = YES;
				CLANG_WARN_DIRECT_OBJC_ISA_USAGE = YES_ERROR;
				CLANG_WARN_EMPTY_BODY = YES;
				CLANG_WARN_ENUM_CONVERSION = YES;
				CLANG_WARN_INT_CONVERSION = YES;
				CLANG_WARN_OBJC_ROOT_CLASS = YES_ERROR;
				CLANG_WARN_UNREACHABLE_CODE = YES;
				CLANG_WARN__DUPLICATE_METHOD_MATCH = YES;
				CODE_SIGN_IDENTITY = "-";
				COPY_PHASE_STRIP = NO;
				DEBUG_INFORMATION_FORMAT = "dwarf-with-dsym";
				ENABLE_NS_ASSERTIONS = NO;
				ENABLE_STRICT_OBJC_MSGSEND = YES;
				GCC_C_LANGUAGE_STANDARD = gnu99;
				GCC_NO_COMMON_BLOCKS = YES;
				GCC_WARN_64_TO_32_BIT_CONVERSION = YES;
				GCC_WARN_ABOUT_RETURN_TYPE = YES_ERROR;
				GCC_WARN_UNDECLARED_SELECTOR = YES;
				GCC_WARN_UNINITIALIZED_AUTOS = YES_AGGRESSIVE;
				GCC_WARN_UNUSED_FUNCTION = YES;
				GCC_WARN_UNUSED_VARIABLE = YES;
				MACOSX_DEPLOYMENT_TARGET = 10.10;
				MTL_ENABLE_DEBUG_INFO = NO;
				SDKROOT = macosx;
			};
			name = Release;
		};
		A76423931B1CD123009175E5 /* Debug */ = {
			isa = XCBuildConfiguration;
			baseConfigurationReference = 7789F9710D6A77B54968FA66 /* Pods.debug.xcconfig */;
			buildSettings = {
				ASSETCATALOG_COMPILER_APPICON_NAME = AppIcon;
				COMBINE_HIDPI_IMAGES = YES;
				INFOPLIST_FILE = TravisBoard/Info.plist;
				LD_RUNPATH_SEARCH_PATHS = "$(inherited) @executable_path/../Frameworks";
				PRODUCT_NAME = "$(TARGET_NAME)";
			};
			name = Debug;
		};
		A76423941B1CD123009175E5 /* Release */ = {
			isa = XCBuildConfiguration;
			baseConfigurationReference = 3864D48CC08D48CFE296B986 /* Pods.release.xcconfig */;
			buildSettings = {
				ASSETCATALOG_COMPILER_APPICON_NAME = AppIcon;
				COMBINE_HIDPI_IMAGES = YES;
				INFOPLIST_FILE = TravisBoard/Info.plist;
				LD_RUNPATH_SEARCH_PATHS = "$(inherited) @executable_path/../Frameworks";
				PRODUCT_NAME = "$(TARGET_NAME)";
			};
			name = Release;
		};
		A76423961B1CD123009175E5 /* Debug */ = {
			isa = XCBuildConfiguration;
			baseConfigurationReference = AAFBEC5F83E741B9BCA1A2BA /* Pods-TravisBoardTests.debug.xcconfig */;
			buildSettings = {
				BUNDLE_LOADER = "$(TEST_HOST)";
				COMBINE_HIDPI_IMAGES = YES;
				FRAMEWORK_SEARCH_PATHS = (
					"$(DEVELOPER_FRAMEWORKS_DIR)",
					"$(inherited)",
				);
				GCC_PREPROCESSOR_DEFINITIONS = (
					"DEBUG=1",
					"$(inherited)",
				);
				INFOPLIST_FILE = TravisBoardTests/Info.plist;
				LD_RUNPATH_SEARCH_PATHS = "$(inherited) @executable_path/../Frameworks @loader_path/../Frameworks";
				PRODUCT_NAME = "$(TARGET_NAME)";
				TEST_HOST = "$(BUILT_PRODUCTS_DIR)/TravisBoard.app/Contents/MacOS/TravisBoard";
			};
			name = Debug;
		};
		A76423971B1CD123009175E5 /* Release */ = {
			isa = XCBuildConfiguration;
			baseConfigurationReference = 65F1888DFC30008CE428A8E3 /* Pods-TravisBoardTests.release.xcconfig */;
			buildSettings = {
				BUNDLE_LOADER = "$(TEST_HOST)";
				COMBINE_HIDPI_IMAGES = YES;
				FRAMEWORK_SEARCH_PATHS = (
					"$(DEVELOPER_FRAMEWORKS_DIR)",
					"$(inherited)",
				);
				INFOPLIST_FILE = TravisBoardTests/Info.plist;
				LD_RUNPATH_SEARCH_PATHS = "$(inherited) @executable_path/../Frameworks @loader_path/../Frameworks";
				PRODUCT_NAME = "$(TARGET_NAME)";
				TEST_HOST = "$(BUILT_PRODUCTS_DIR)/TravisBoard.app/Contents/MacOS/TravisBoard";
			};
			name = Release;
		};
/* End XCBuildConfiguration section */

/* Begin XCConfigurationList section */
		A764236A1B1CD122009175E5 /* Build configuration list for PBXProject "TravisBoard" */ = {
			isa = XCConfigurationList;
			buildConfigurations = (
				A76423901B1CD123009175E5 /* Debug */,
				A76423911B1CD123009175E5 /* Release */,
			);
			defaultConfigurationIsVisible = 0;
			defaultConfigurationName = Release;
		};
		A76423921B1CD123009175E5 /* Build configuration list for PBXNativeTarget "TravisBoard" */ = {
			isa = XCConfigurationList;
			buildConfigurations = (
				A76423931B1CD123009175E5 /* Debug */,
				A76423941B1CD123009175E5 /* Release */,
			);
			defaultConfigurationIsVisible = 0;
			defaultConfigurationName = Release;
		};
		A76423951B1CD123009175E5 /* Build configuration list for PBXNativeTarget "TravisBoardTests" */ = {
			isa = XCConfigurationList;
			buildConfigurations = (
				A76423961B1CD123009175E5 /* Debug */,
				A76423971B1CD123009175E5 /* Release */,
			);
			defaultConfigurationIsVisible = 0;
			defaultConfigurationName = Release;
		};
/* End XCConfigurationList section */

/* Begin XCVersionGroup section */
		A7F9B37C1B1DC0E800B55DD0 /* TBTravisBoard.xcdatamodeld */ = {
			isa = XCVersionGroup;
			children = (
				A7F9B37D1B1DC0E800B55DD0 /* TBTravisBoard.xcdatamodel */,
			);
			currentVersion = A7F9B37D1B1DC0E800B55DD0 /* TBTravisBoard.xcdatamodel */;
			path = TBTravisBoard.xcdatamodeld;
			sourceTree = "<group>";
			versionGroupType = wrapper.xcdatamodel;
		};
/* End XCVersionGroup section */
	};
	rootObject = A76423671B1CD122009175E5 /* Project object */;
}
